// !$*UTF8*$!
{
	archiveVersion = 1;
	classes = {
	};
	objectVersion = 46;
	objects = {

/* Begin PBXBuildFile section */
		0E568C7235AAEC02128CA144 /* Pods_gourmetUITests.framework in Frameworks */ = {isa = PBXBuildFile; fileRef = 54EFA8204BC4A8E855FFA8CC /* Pods_gourmetUITests.framework */; };
		9429AD0FE9F1DD2335BBC5F5 /* Pods_gourmetTests.framework in Frameworks */ = {isa = PBXBuildFile; fileRef = 281DC1DE7098A781D8BB9389 /* Pods_gourmetTests.framework */; };
		C10363BC1CA48F8600591AFC /* EventRepository.swift in Sources */ = {isa = PBXBuildFile; fileRef = C10363BB1CA48F8600591AFC /* EventRepository.swift */; };
		C10363BE1CA48FFD00591AFC /* User.swift in Sources */ = {isa = PBXBuildFile; fileRef = C10363BD1CA48FFD00591AFC /* User.swift */; };
		C10363C11CA490B400591AFC /* Event.swift in Sources */ = {isa = PBXBuildFile; fileRef = C10363C01CA490B400591AFC /* Event.swift */; };
		C144F0FB1CCB8AFE0011A203 /* Res in Resources */ = {isa = PBXBuildFile; fileRef = C144F0FA1CCB8AFE0011A203 /* Res */; };
		C144F0FD1CCB8F590011A203 /* StartViewController.swift in Sources */ = {isa = PBXBuildFile; fileRef = C144F0FC1CCB8F590011A203 /* StartViewController.swift */; };
		C15267B31C98B22000C06752 /* AppDelegate.swift in Sources */ = {isa = PBXBuildFile; fileRef = C15267B21C98B22000C06752 /* AppDelegate.swift */; };
		C15267BA1C98B22000C06752 /* Main.storyboard in Resources */ = {isa = PBXBuildFile; fileRef = C15267B81C98B22000C06752 /* Main.storyboard */; };
		C15267BC1C98B22000C06752 /* Assets.xcassets in Resources */ = {isa = PBXBuildFile; fileRef = C15267BB1C98B22000C06752 /* Assets.xcassets */; };
		C15267BF1C98B22000C06752 /* LaunchScreen.storyboard in Resources */ = {isa = PBXBuildFile; fileRef = C15267BD1C98B22000C06752 /* LaunchScreen.storyboard */; };
		C15267CA1C98B22000C06752 /* gourmetTests.swift in Sources */ = {isa = PBXBuildFile; fileRef = C15267C91C98B22000C06752 /* gourmetTests.swift */; };
		C15267D51C98B22000C06752 /* gourmetUITests.swift in Sources */ = {isa = PBXBuildFile; fileRef = C15267D41C98B22000C06752 /* gourmetUITests.swift */; };
		C18CA0F21CAEE9D000C8F77A /* GoogleService-Info.plist in Resources */ = {isa = PBXBuildFile; fileRef = C18CA0F11CAEE9D000C8F77A /* GoogleService-Info.plist */; };
		C18CA0F51CAF47E600C8F77A /* UserManager.swift in Sources */ = {isa = PBXBuildFile; fileRef = C18CA0F41CAF47E600C8F77A /* UserManager.swift */; };
		C18CA0F71CAF51B500C8F77A /* UserRepository.swift in Sources */ = {isa = PBXBuildFile; fileRef = C18CA0F61CAF51B500C8F77A /* UserRepository.swift */; };
		C18CA0F91CAFE93F00C8F77A /* CreateRestaurantViewController.swift in Sources */ = {isa = PBXBuildFile; fileRef = C18CA0F81CAFE93F00C8F77A /* CreateRestaurantViewController.swift */; };
		C1F2BAE71CA083F100F77866 /* RestaurantsRepository.swift in Sources */ = {isa = PBXBuildFile; fileRef = C1F2BAE61CA083F100F77866 /* RestaurantsRepository.swift */; };
		C1F2BAEF1CA0B60000F77866 /* RestaurantItem.swift in Sources */ = {isa = PBXBuildFile; fileRef = C1F2BAEE1CA0B60000F77866 /* RestaurantItem.swift */; };
		C1FD26F21CAD7E5A001D12D5 /* Restaurant.swift in Sources */ = {isa = PBXBuildFile; fileRef = C1FD26F11CAD7E5A001D12D5 /* Restaurant.swift */; };
		C1FD26F71CAD7E6F001D12D5 /* EventTableView.swift in Sources */ = {isa = PBXBuildFile; fileRef = C1FD26F31CAD7E6F001D12D5 /* EventTableView.swift */; };
		C1FD26F81CAD7E6F001D12D5 /* EventTableViewCell.xib in Resources */ = {isa = PBXBuildFile; fileRef = C1FD26F41CAD7E6F001D12D5 /* EventTableViewCell.xib */; };
		C1FD26F91CAD7E6F001D12D5 /* RestaurantTableViewCell.swift in Sources */ = {isa = PBXBuildFile; fileRef = C1FD26F51CAD7E6F001D12D5 /* RestaurantTableViewCell.swift */; };
		C1FD26FA1CAD7E6F001D12D5 /* RestaurantTableViewCell.xib in Resources */ = {isa = PBXBuildFile; fileRef = C1FD26F61CAD7E6F001D12D5 /* RestaurantTableViewCell.xib */; };
		C1FD26FE1CAD7E84001D12D5 /* EventMapper.swift in Sources */ = {isa = PBXBuildFile; fileRef = C1FD26FB1CAD7E84001D12D5 /* EventMapper.swift */; };
		C1FD26FF1CAD7E84001D12D5 /* RestaurantMapper.swift in Sources */ = {isa = PBXBuildFile; fileRef = C1FD26FC1CAD7E84001D12D5 /* RestaurantMapper.swift */; };
		C1FD27001CAD7E84001D12D5 /* UserMapper.swift in Sources */ = {isa = PBXBuildFile; fileRef = C1FD26FD1CAD7E84001D12D5 /* UserMapper.swift */; };
		C1FD27051CAD7EA2001D12D5 /* EventTabViewController.swift in Sources */ = {isa = PBXBuildFile; fileRef = C1FD27021CAD7EA2001D12D5 /* EventTabViewController.swift */; };
		C1FD27061CAD7EA2001D12D5 /* FirstViewController.swift in Sources */ = {isa = PBXBuildFile; fileRef = C1FD27031CAD7EA2001D12D5 /* FirstViewController.swift */; };
		C1FD27071CAD7EA2001D12D5 /* RestaurantDetailViewController.swift in Sources */ = {isa = PBXBuildFile; fileRef = C1FD27041CAD7EA2001D12D5 /* RestaurantDetailViewController.swift */; };
		C1FD27091CAD7F6A001D12D5 /* Repository.swift in Sources */ = {isa = PBXBuildFile; fileRef = C1FD27081CAD7F6A001D12D5 /* Repository.swift */; };
		C1FD270B1CAD903C001D12D5 /* SubscriptionsRepository.swift in Sources */ = {isa = PBXBuildFile; fileRef = C1FD270A1CAD903C001D12D5 /* SubscriptionsRepository.swift */; };
		C1FD270D1CAE79A2001D12D5 /* Subscription.swift in Sources */ = {isa = PBXBuildFile; fileRef = C1FD270C1CAE79A2001D12D5 /* Subscription.swift */; };
		C1FD270F1CAE7D86001D12D5 /* SubscriptionMapper.swift in Sources */ = {isa = PBXBuildFile; fileRef = C1FD270E1CAE7D86001D12D5 /* SubscriptionMapper.swift */; };
		C1FD27111CAE992B001D12D5 /* JSONAble.swift in Sources */ = {isa = PBXBuildFile; fileRef = C1FD27101CAE992B001D12D5 /* JSONAble.swift */; };
		C1FD27131CAEBFBF001D12D5 /* SubscriptionTabViewController.swift in Sources */ = {isa = PBXBuildFile; fileRef = C1FD27121CAEBFBF001D12D5 /* SubscriptionTabViewController.swift */; };
		E4DA371076AE1C4CFE417A22 /* Pods_gourmet.framework in Frameworks */ = {isa = PBXBuildFile; fileRef = 96A7AEBF14E2338B575D7759 /* Pods_gourmet.framework */; };
/* End PBXBuildFile section */

/* Begin PBXContainerItemProxy section */
		C15267C61C98B22000C06752 /* PBXContainerItemProxy */ = {
			isa = PBXContainerItemProxy;
			containerPortal = C15267A71C98B22000C06752 /* Project object */;
			proxyType = 1;
			remoteGlobalIDString = C15267AE1C98B22000C06752;
			remoteInfo = gourmet;
		};
		C15267D11C98B22000C06752 /* PBXContainerItemProxy */ = {
			isa = PBXContainerItemProxy;
			containerPortal = C15267A71C98B22000C06752 /* Project object */;
			proxyType = 1;
			remoteGlobalIDString = C15267AE1C98B22000C06752;
			remoteInfo = gourmet;
		};
/* End PBXContainerItemProxy section */

/* Begin PBXFileReference section */
		170037A9B1AB5BECC2B77741 /* Pods-gourmetUITests.debug.xcconfig */ = {isa = PBXFileReference; includeInIndex = 1; lastKnownFileType = text.xcconfig; name = "Pods-gourmetUITests.debug.xcconfig"; path = "Pods/Target Support Files/Pods-gourmetUITests/Pods-gourmetUITests.debug.xcconfig"; sourceTree = "<group>"; };
		281DC1DE7098A781D8BB9389 /* Pods_gourmetTests.framework */ = {isa = PBXFileReference; explicitFileType = wrapper.framework; includeInIndex = 0; path = Pods_gourmetTests.framework; sourceTree = BUILT_PRODUCTS_DIR; };
		448240C44E0933933336A664 /* Pods-gourmet.release.xcconfig */ = {isa = PBXFileReference; includeInIndex = 1; lastKnownFileType = text.xcconfig; name = "Pods-gourmet.release.xcconfig"; path = "Pods/Target Support Files/Pods-gourmet/Pods-gourmet.release.xcconfig"; sourceTree = "<group>"; };
		54EFA8204BC4A8E855FFA8CC /* Pods_gourmetUITests.framework */ = {isa = PBXFileReference; explicitFileType = wrapper.framework; includeInIndex = 0; path = Pods_gourmetUITests.framework; sourceTree = BUILT_PRODUCTS_DIR; };
		6CD41B13EF1A516478BC0304 /* Pods-gourmetUITests.release.xcconfig */ = {isa = PBXFileReference; includeInIndex = 1; lastKnownFileType = text.xcconfig; name = "Pods-gourmetUITests.release.xcconfig"; path = "Pods/Target Support Files/Pods-gourmetUITests/Pods-gourmetUITests.release.xcconfig"; sourceTree = "<group>"; };
		96A7AEBF14E2338B575D7759 /* Pods_gourmet.framework */ = {isa = PBXFileReference; explicitFileType = wrapper.framework; includeInIndex = 0; path = Pods_gourmet.framework; sourceTree = BUILT_PRODUCTS_DIR; };
		AC3CAC176FBF69E06B3F3D69 /* Pods-gourmetTests.debug.xcconfig */ = {isa = PBXFileReference; includeInIndex = 1; lastKnownFileType = text.xcconfig; name = "Pods-gourmetTests.debug.xcconfig"; path = "Pods/Target Support Files/Pods-gourmetTests/Pods-gourmetTests.debug.xcconfig"; sourceTree = "<group>"; };
		C10363BB1CA48F8600591AFC /* EventRepository.swift */ = {isa = PBXFileReference; fileEncoding = 4; lastKnownFileType = sourcecode.swift; name = EventRepository.swift; path = repositories/EventRepository.swift; sourceTree = "<group>"; };
		C10363BD1CA48FFD00591AFC /* User.swift */ = {isa = PBXFileReference; fileEncoding = 4; lastKnownFileType = sourcecode.swift; name = User.swift; path = models/User.swift; sourceTree = "<group>"; };
		C10363C01CA490B400591AFC /* Event.swift */ = {isa = PBXFileReference; fileEncoding = 4; lastKnownFileType = sourcecode.swift; name = Event.swift; path = models/Event.swift; sourceTree = "<group>"; };
		C144F0FA1CCB8AFE0011A203 /* Res */ = {isa = PBXFileReference; lastKnownFileType = folder; path = Res; sourceTree = "<group>"; };
		C144F0FC1CCB8F590011A203 /* StartViewController.swift */ = {isa = PBXFileReference; fileEncoding = 4; lastKnownFileType = sourcecode.swift; path = StartViewController.swift; sourceTree = "<group>"; };
		C15267AF1C98B22000C06752 /* gourmet.app */ = {isa = PBXFileReference; explicitFileType = wrapper.application; includeInIndex = 0; path = gourmet.app; sourceTree = BUILT_PRODUCTS_DIR; };
		C15267B21C98B22000C06752 /* AppDelegate.swift */ = {isa = PBXFileReference; lastKnownFileType = sourcecode.swift; path = AppDelegate.swift; sourceTree = "<group>"; };
		C15267B91C98B22000C06752 /* Base */ = {isa = PBXFileReference; lastKnownFileType = file.storyboard; name = Base; path = Base.lproj/Main.storyboard; sourceTree = "<group>"; };
		C15267BB1C98B22000C06752 /* Assets.xcassets */ = {isa = PBXFileReference; lastKnownFileType = folder.assetcatalog; path = Assets.xcassets; sourceTree = "<group>"; };
		C15267BE1C98B22000C06752 /* Base */ = {isa = PBXFileReference; lastKnownFileType = file.storyboard; name = Base; path = Base.lproj/LaunchScreen.storyboard; sourceTree = "<group>"; };
		C15267C01C98B22000C06752 /* Info.plist */ = {isa = PBXFileReference; lastKnownFileType = text.plist.xml; path = Info.plist; sourceTree = "<group>"; };
		C15267C51C98B22000C06752 /* gourmetTests.xctest */ = {isa = PBXFileReference; explicitFileType = wrapper.cfbundle; includeInIndex = 0; path = gourmetTests.xctest; sourceTree = BUILT_PRODUCTS_DIR; };
		C15267C91C98B22000C06752 /* gourmetTests.swift */ = {isa = PBXFileReference; lastKnownFileType = sourcecode.swift; path = gourmetTests.swift; sourceTree = "<group>"; };
		C15267CB1C98B22000C06752 /* Info.plist */ = {isa = PBXFileReference; lastKnownFileType = text.plist.xml; path = Info.plist; sourceTree = "<group>"; };
		C15267D01C98B22000C06752 /* gourmetUITests.xctest */ = {isa = PBXFileReference; explicitFileType = wrapper.cfbundle; includeInIndex = 0; path = gourmetUITests.xctest; sourceTree = BUILT_PRODUCTS_DIR; };
		C15267D41C98B22000C06752 /* gourmetUITests.swift */ = {isa = PBXFileReference; lastKnownFileType = sourcecode.swift; path = gourmetUITests.swift; sourceTree = "<group>"; };
		C15267D61C98B22000C06752 /* Info.plist */ = {isa = PBXFileReference; lastKnownFileType = text.plist.xml; path = Info.plist; sourceTree = "<group>"; };
		C18CA0F11CAEE9D000C8F77A /* GoogleService-Info.plist */ = {isa = PBXFileReference; fileEncoding = 4; lastKnownFileType = text.plist.xml; path = "GoogleService-Info.plist"; sourceTree = "<group>"; };
		C18CA0F31CAEEC9100C8F77A /* gourmet-Bridging-Header.h */ = {isa = PBXFileReference; lastKnownFileType = sourcecode.c.h; path = "gourmet-Bridging-Header.h"; sourceTree = "<group>"; };
		C18CA0F41CAF47E600C8F77A /* UserManager.swift */ = {isa = PBXFileReference; fileEncoding = 4; lastKnownFileType = sourcecode.swift; path = UserManager.swift; sourceTree = "<group>"; };
		C18CA0F61CAF51B500C8F77A /* UserRepository.swift */ = {isa = PBXFileReference; fileEncoding = 4; lastKnownFileType = sourcecode.swift; name = UserRepository.swift; path = repositories/UserRepository.swift; sourceTree = "<group>"; };
		C18CA0F81CAFE93F00C8F77A /* CreateRestaurantViewController.swift */ = {isa = PBXFileReference; fileEncoding = 4; lastKnownFileType = sourcecode.swift; name = CreateRestaurantViewController.swift; path = viewcontrollers/CreateRestaurantViewController.swift; sourceTree = "<group>"; };
		C1F2BAE61CA083F100F77866 /* RestaurantsRepository.swift */ = {isa = PBXFileReference; fileEncoding = 4; lastKnownFileType = sourcecode.swift; name = RestaurantsRepository.swift; path = repositories/RestaurantsRepository.swift; sourceTree = "<group>"; };
		C1F2BAEE1CA0B60000F77866 /* RestaurantItem.swift */ = {isa = PBXFileReference; fileEncoding = 4; lastKnownFileType = sourcecode.swift; path = RestaurantItem.swift; sourceTree = "<group>"; };
		C1FD26F11CAD7E5A001D12D5 /* Restaurant.swift */ = {isa = PBXFileReference; fileEncoding = 4; lastKnownFileType = sourcecode.swift; name = Restaurant.swift; path = models/Restaurant.swift; sourceTree = "<group>"; };
		C1FD26F31CAD7E6F001D12D5 /* EventTableView.swift */ = {isa = PBXFileReference; fileEncoding = 4; lastKnownFileType = sourcecode.swift; name = EventTableView.swift; path = views/EventTableView.swift; sourceTree = "<group>"; };
		C1FD26F41CAD7E6F001D12D5 /* EventTableViewCell.xib */ = {isa = PBXFileReference; fileEncoding = 4; lastKnownFileType = file.xib; name = EventTableViewCell.xib; path = views/EventTableViewCell.xib; sourceTree = "<group>"; };
		C1FD26F51CAD7E6F001D12D5 /* RestaurantTableViewCell.swift */ = {isa = PBXFileReference; fileEncoding = 4; lastKnownFileType = sourcecode.swift; name = RestaurantTableViewCell.swift; path = views/RestaurantTableViewCell.swift; sourceTree = "<group>"; };
		C1FD26F61CAD7E6F001D12D5 /* RestaurantTableViewCell.xib */ = {isa = PBXFileReference; fileEncoding = 4; lastKnownFileType = file.xib; name = RestaurantTableViewCell.xib; path = views/RestaurantTableViewCell.xib; sourceTree = "<group>"; };
		C1FD26FB1CAD7E84001D12D5 /* EventMapper.swift */ = {isa = PBXFileReference; fileEncoding = 4; lastKnownFileType = sourcecode.swift; name = EventMapper.swift; path = repositories/EventMapper.swift; sourceTree = "<group>"; };
		C1FD26FC1CAD7E84001D12D5 /* RestaurantMapper.swift */ = {isa = PBXFileReference; fileEncoding = 4; lastKnownFileType = sourcecode.swift; name = RestaurantMapper.swift; path = repositories/RestaurantMapper.swift; sourceTree = "<group>"; };
		C1FD26FD1CAD7E84001D12D5 /* UserMapper.swift */ = {isa = PBXFileReference; fileEncoding = 4; lastKnownFileType = sourcecode.swift; name = UserMapper.swift; path = repositories/UserMapper.swift; sourceTree = "<group>"; };
		C1FD27021CAD7EA2001D12D5 /* EventTabViewController.swift */ = {isa = PBXFileReference; fileEncoding = 4; lastKnownFileType = sourcecode.swift; name = EventTabViewController.swift; path = viewcontrollers/EventTabViewController.swift; sourceTree = "<group>"; };
		C1FD27031CAD7EA2001D12D5 /* FirstViewController.swift */ = {isa = PBXFileReference; fileEncoding = 4; lastKnownFileType = sourcecode.swift; name = FirstViewController.swift; path = viewcontrollers/FirstViewController.swift; sourceTree = "<group>"; };
		C1FD27041CAD7EA2001D12D5 /* RestaurantDetailViewController.swift */ = {isa = PBXFileReference; fileEncoding = 4; lastKnownFileType = sourcecode.swift; name = RestaurantDetailViewController.swift; path = viewcontrollers/RestaurantDetailViewController.swift; sourceTree = "<group>"; };
		C1FD27081CAD7F6A001D12D5 /* Repository.swift */ = {isa = PBXFileReference; fileEncoding = 4; lastKnownFileType = sourcecode.swift; name = Repository.swift; path = repositories/Repository.swift; sourceTree = "<group>"; };
		C1FD270A1CAD903C001D12D5 /* SubscriptionsRepository.swift */ = {isa = PBXFileReference; fileEncoding = 4; lastKnownFileType = sourcecode.swift; name = SubscriptionsRepository.swift; path = repositories/SubscriptionsRepository.swift; sourceTree = "<group>"; };
		C1FD270C1CAE79A2001D12D5 /* Subscription.swift */ = {isa = PBXFileReference; fileEncoding = 4; lastKnownFileType = sourcecode.swift; path = Subscription.swift; sourceTree = "<group>"; };
		C1FD270E1CAE7D86001D12D5 /* SubscriptionMapper.swift */ = {isa = PBXFileReference; fileEncoding = 4; lastKnownFileType = sourcecode.swift; path = SubscriptionMapper.swift; sourceTree = "<group>"; };
		C1FD27101CAE992B001D12D5 /* JSONAble.swift */ = {isa = PBXFileReference; fileEncoding = 4; lastKnownFileType = sourcecode.swift; path = JSONAble.swift; sourceTree = "<group>"; };
		C1FD27121CAEBFBF001D12D5 /* SubscriptionTabViewController.swift */ = {isa = PBXFileReference; fileEncoding = 4; lastKnownFileType = sourcecode.swift; name = SubscriptionTabViewController.swift; path = viewcontrollers/SubscriptionTabViewController.swift; sourceTree = "<group>"; };
		C5614B5BAB9F0B57A0913128 /* Pods-gourmet.debug.xcconfig */ = {isa = PBXFileReference; includeInIndex = 1; lastKnownFileType = text.xcconfig; name = "Pods-gourmet.debug.xcconfig"; path = "Pods/Target Support Files/Pods-gourmet/Pods-gourmet.debug.xcconfig"; sourceTree = "<group>"; };
		C8FF02C36FDFEF027978998C /* Pods-gourmetTests.release.xcconfig */ = {isa = PBXFileReference; includeInIndex = 1; lastKnownFileType = text.xcconfig; name = "Pods-gourmetTests.release.xcconfig"; path = "Pods/Target Support Files/Pods-gourmetTests/Pods-gourmetTests.release.xcconfig"; sourceTree = "<group>"; };
/* End PBXFileReference section */

/* Begin PBXFrameworksBuildPhase section */
		C15267AC1C98B22000C06752 /* Frameworks */ = {
			isa = PBXFrameworksBuildPhase;
			buildActionMask = 2147483647;
			files = (
				E4DA371076AE1C4CFE417A22 /* Pods_gourmet.framework in Frameworks */,
			);
			runOnlyForDeploymentPostprocessing = 0;
		};
		C15267C21C98B22000C06752 /* Frameworks */ = {
			isa = PBXFrameworksBuildPhase;
			buildActionMask = 2147483647;
			files = (
				9429AD0FE9F1DD2335BBC5F5 /* Pods_gourmetTests.framework in Frameworks */,
			);
			runOnlyForDeploymentPostprocessing = 0;
		};
		C15267CD1C98B22000C06752 /* Frameworks */ = {
			isa = PBXFrameworksBuildPhase;
			buildActionMask = 2147483647;
			files = (
				0E568C7235AAEC02128CA144 /* Pods_gourmetUITests.framework in Frameworks */,
			);
			runOnlyForDeploymentPostprocessing = 0;
		};
/* End PBXFrameworksBuildPhase section */

/* Begin PBXGroup section */
		180B4745001C08BB10942CB2 /* Frameworks */ = {
			isa = PBXGroup;
			children = (
				96A7AEBF14E2338B575D7759 /* Pods_gourmet.framework */,
				281DC1DE7098A781D8BB9389 /* Pods_gourmetTests.framework */,
				54EFA8204BC4A8E855FFA8CC /* Pods_gourmetUITests.framework */,
			);
			name = Frameworks;
			sourceTree = "<group>";
		};
		6C549655FD7F6B62CED0B3A6 /* Pods */ = {
			isa = PBXGroup;
			children = (
				C5614B5BAB9F0B57A0913128 /* Pods-gourmet.debug.xcconfig */,
				448240C44E0933933336A664 /* Pods-gourmet.release.xcconfig */,
				AC3CAC176FBF69E06B3F3D69 /* Pods-gourmetTests.debug.xcconfig */,
				C8FF02C36FDFEF027978998C /* Pods-gourmetTests.release.xcconfig */,
				170037A9B1AB5BECC2B77741 /* Pods-gourmetUITests.debug.xcconfig */,
				6CD41B13EF1A516478BC0304 /* Pods-gourmetUITests.release.xcconfig */,
			);
			name = Pods;
			sourceTree = "<group>";
		};
		C10363BF1CA4900700591AFC /* models */ = {
			isa = PBXGroup;
			children = (
				C1FD26F11CAD7E5A001D12D5 /* Restaurant.swift */,
				C10363BD1CA48FFD00591AFC /* User.swift */,
				C10363C01CA490B400591AFC /* Event.swift */,
				C1FD270C1CAE79A2001D12D5 /* Subscription.swift */,
			);
			name = models;
			sourceTree = "<group>";
		};
		C15267A61C98B22000C06752 = {
			isa = PBXGroup;
			children = (
				C15267B11C98B22000C06752 /* gourmet */,
				C15267C81C98B22000C06752 /* gourmetTests */,
				C15267D31C98B22000C06752 /* gourmetUITests */,
				C15267B01C98B22000C06752 /* Products */,
				6C549655FD7F6B62CED0B3A6 /* Pods */,
				180B4745001C08BB10942CB2 /* Frameworks */,
			);
			sourceTree = "<group>";
		};
		C15267B01C98B22000C06752 /* Products */ = {
			isa = PBXGroup;
			children = (
				C15267AF1C98B22000C06752 /* gourmet.app */,
				C15267C51C98B22000C06752 /* gourmetTests.xctest */,
				C15267D01C98B22000C06752 /* gourmetUITests.xctest */,
			);
			name = Products;
			sourceTree = "<group>";
		};
		C15267B11C98B22000C06752 /* gourmet */ = {
			isa = PBXGroup;
			children = (
				C144F0FA1CCB8AFE0011A203 /* Res */,
				C18CA0F11CAEE9D000C8F77A /* GoogleService-Info.plist */,
				C1FD27011CAD7E8B001D12D5 /* viewcontrollers */,
				C10363BF1CA4900700591AFC /* models */,
				C1F2BAE91CA0865700F77866 /* views */,
				C1F2BAE81CA0841000F77866 /* repositories */,
				C15267B21C98B22000C06752 /* AppDelegate.swift */,
				C15267B81C98B22000C06752 /* Main.storyboard */,
				C15267BB1C98B22000C06752 /* Assets.xcassets */,
				C15267BD1C98B22000C06752 /* LaunchScreen.storyboard */,
				C15267C01C98B22000C06752 /* Info.plist */,
				C1F2BAEE1CA0B60000F77866 /* RestaurantItem.swift */,
				C1FD27101CAE992B001D12D5 /* JSONAble.swift */,
				C18CA0F31CAEEC9100C8F77A /* gourmet-Bridging-Header.h */,
				C18CA0F41CAF47E600C8F77A /* UserManager.swift */,
			);
			path = gourmet;
			sourceTree = "<group>";
		};
		C15267C81C98B22000C06752 /* gourmetTests */ = {
			isa = PBXGroup;
			children = (
				C15267C91C98B22000C06752 /* gourmetTests.swift */,
				C15267CB1C98B22000C06752 /* Info.plist */,
			);
			path = gourmetTests;
			sourceTree = "<group>";
		};
		C15267D31C98B22000C06752 /* gourmetUITests */ = {
			isa = PBXGroup;
			children = (
				C15267D41C98B22000C06752 /* gourmetUITests.swift */,
				C15267D61C98B22000C06752 /* Info.plist */,
			);
			path = gourmetUITests;
			sourceTree = "<group>";
		};
		C1F2BAE81CA0841000F77866 /* repositories */ = {
			isa = PBXGroup;
			children = (
				C1FD27081CAD7F6A001D12D5 /* Repository.swift */,
				C1FD26FB1CAD7E84001D12D5 /* EventMapper.swift */,
				C1FD26FC1CAD7E84001D12D5 /* RestaurantMapper.swift */,
				C1FD26FD1CAD7E84001D12D5 /* UserMapper.swift */,
				C1F2BAE61CA083F100F77866 /* RestaurantsRepository.swift */,
				C10363BB1CA48F8600591AFC /* EventRepository.swift */,
				C1FD270A1CAD903C001D12D5 /* SubscriptionsRepository.swift */,
				C1FD270E1CAE7D86001D12D5 /* SubscriptionMapper.swift */,
				C18CA0F61CAF51B500C8F77A /* UserRepository.swift */,
			);
			name = repositories;
			sourceTree = "<group>";
		};
		C1F2BAE91CA0865700F77866 /* views */ = {
			isa = PBXGroup;
			children = (
				C1FD26F31CAD7E6F001D12D5 /* EventTableView.swift */,
				C1FD26F41CAD7E6F001D12D5 /* EventTableViewCell.xib */,
				C1FD26F51CAD7E6F001D12D5 /* RestaurantTableViewCell.swift */,
				C1FD26F61CAD7E6F001D12D5 /* RestaurantTableViewCell.xib */,
			);
			name = views;
			sourceTree = "<group>";
		};
		C1FD27011CAD7E8B001D12D5 /* viewcontrollers */ = {
			isa = PBXGroup;
			children = (
				C1FD27021CAD7EA2001D12D5 /* EventTabViewController.swift */,
				C1FD27031CAD7EA2001D12D5 /* FirstViewController.swift */,
				C1FD27041CAD7EA2001D12D5 /* RestaurantDetailViewController.swift */,
				C1FD27121CAEBFBF001D12D5 /* SubscriptionTabViewController.swift */,
				C18CA0F81CAFE93F00C8F77A /* CreateRestaurantViewController.swift */,
				C144F0FC1CCB8F590011A203 /* StartViewController.swift */,
			);
			name = viewcontrollers;
			sourceTree = "<group>";
		};
/* End PBXGroup section */

/* Begin PBXNativeTarget section */
		C15267AE1C98B22000C06752 /* gourmet */ = {
			isa = PBXNativeTarget;
			buildConfigurationList = C15267D91C98B22000C06752 /* Build configuration list for PBXNativeTarget "gourmet" */;
			buildPhases = (
				8BE71DC6B965D696C9B04575 /* Check Pods Manifest.lock */,
				C15267AB1C98B22000C06752 /* Sources */,
				C15267AC1C98B22000C06752 /* Frameworks */,
				C15267AD1C98B22000C06752 /* Resources */,
				5C1FF462717318B3DED70430 /* Embed Pods Frameworks */,
				6F87A9E5189D5F09405C0226 /* Copy Pods Resources */,
			);
			buildRules = (
			);
			dependencies = (
			);
			name = gourmet;
			productName = gourmet;
			productReference = C15267AF1C98B22000C06752 /* gourmet.app */;
			productType = "com.apple.product-type.application";
		};
		C15267C41C98B22000C06752 /* gourmetTests */ = {
			isa = PBXNativeTarget;
			buildConfigurationList = C15267DC1C98B22000C06752 /* Build configuration list for PBXNativeTarget "gourmetTests" */;
			buildPhases = (
				C7ED6A3ED61C16FAF2F6E8EE /* Check Pods Manifest.lock */,
				C15267C11C98B22000C06752 /* Sources */,
				C15267C21C98B22000C06752 /* Frameworks */,
				C15267C31C98B22000C06752 /* Resources */,
				53F7CB52DD518FDE60999B3D /* Embed Pods Frameworks */,
				BDB89B72615CDBE624FF969D /* Copy Pods Resources */,
			);
			buildRules = (
			);
			dependencies = (
				C15267C71C98B22000C06752 /* PBXTargetDependency */,
			);
			name = gourmetTests;
			productName = gourmetTests;
			productReference = C15267C51C98B22000C06752 /* gourmetTests.xctest */;
			productType = "com.apple.product-type.bundle.unit-test";
		};
		C15267CF1C98B22000C06752 /* gourmetUITests */ = {
			isa = PBXNativeTarget;
			buildConfigurationList = C15267DF1C98B22000C06752 /* Build configuration list for PBXNativeTarget "gourmetUITests" */;
			buildPhases = (
				C7C25BF0ECC235A937A46B00 /* Check Pods Manifest.lock */,
				C15267CC1C98B22000C06752 /* Sources */,
				C15267CD1C98B22000C06752 /* Frameworks */,
				C15267CE1C98B22000C06752 /* Resources */,
				ECEF0F05DDBAC17AEB21D652 /* Copy Pods Resources */,
			);
			buildRules = (
			);
			dependencies = (
				C15267D21C98B22000C06752 /* PBXTargetDependency */,
			);
			name = gourmetUITests;
			productName = gourmetUITests;
			productReference = C15267D01C98B22000C06752 /* gourmetUITests.xctest */;
			productType = "com.apple.product-type.bundle.ui-testing";
		};
/* End PBXNativeTarget section */

/* Begin PBXProject section */
		C15267A71C98B22000C06752 /* Project object */ = {
			isa = PBXProject;
			attributes = {
				LastSwiftUpdateCheck = 0720;
				LastUpgradeCheck = 0720;
				ORGANIZATIONNAME = "Alejandro Miragall Arnal";
				TargetAttributes = {
					C15267AE1C98B22000C06752 = {
						CreatedOnToolsVersion = 7.2.1;
					};
					C15267C41C98B22000C06752 = {
						CreatedOnToolsVersion = 7.2.1;
						TestTargetID = C15267AE1C98B22000C06752;
					};
					C15267CF1C98B22000C06752 = {
						CreatedOnToolsVersion = 7.2.1;
						TestTargetID = C15267AE1C98B22000C06752;
					};
				};
			};
			buildConfigurationList = C15267AA1C98B22000C06752 /* Build configuration list for PBXProject "gourmet" */;
			compatibilityVersion = "Xcode 3.2";
			developmentRegion = English;
			hasScannedForEncodings = 0;
			knownRegions = (
				en,
				Base,
			);
			mainGroup = C15267A61C98B22000C06752;
			productRefGroup = C15267B01C98B22000C06752 /* Products */;
			projectDirPath = "";
			projectRoot = "";
			targets = (
				C15267AE1C98B22000C06752 /* gourmet */,
				C15267C41C98B22000C06752 /* gourmetTests */,
				C15267CF1C98B22000C06752 /* gourmetUITests */,
			);
		};
/* End PBXProject section */

/* Begin PBXResourcesBuildPhase section */
		C15267AD1C98B22000C06752 /* Resources */ = {
			isa = PBXResourcesBuildPhase;
			buildActionMask = 2147483647;
			files = (
				C144F0FB1CCB8AFE0011A203 /* Res in Resources */,
				C1FD26F81CAD7E6F001D12D5 /* EventTableViewCell.xib in Resources */,
				C15267BF1C98B22000C06752 /* LaunchScreen.storyboard in Resources */,
				C1FD26FA1CAD7E6F001D12D5 /* RestaurantTableViewCell.xib in Resources */,
				C15267BC1C98B22000C06752 /* Assets.xcassets in Resources */,
				C15267BA1C98B22000C06752 /* Main.storyboard in Resources */,
				C18CA0F21CAEE9D000C8F77A /* GoogleService-Info.plist in Resources */,
			);
			runOnlyForDeploymentPostprocessing = 0;
		};
		C15267C31C98B22000C06752 /* Resources */ = {
			isa = PBXResourcesBuildPhase;
			buildActionMask = 2147483647;
			files = (
			);
			runOnlyForDeploymentPostprocessing = 0;
		};
		C15267CE1C98B22000C06752 /* Resources */ = {
			isa = PBXResourcesBuildPhase;
			buildActionMask = 2147483647;
			files = (
			);
			runOnlyForDeploymentPostprocessing = 0;
		};
/* End PBXResourcesBuildPhase section */

/* Begin PBXShellScriptBuildPhase section */
		53F7CB52DD518FDE60999B3D /* Embed Pods Frameworks */ = {
			isa = PBXShellScriptBuildPhase;
			buildActionMask = 2147483647;
			files = (
			);
			inputPaths = (
			);
			name = "Embed Pods Frameworks";
			outputPaths = (
			);
			runOnlyForDeploymentPostprocessing = 0;
			shellPath = /bin/sh;
			shellScript = "\"${SRCROOT}/Pods/Target Support Files/Pods-gourmetTests/Pods-gourmetTests-frameworks.sh\"\n";
			showEnvVarsInLog = 0;
		};
		5C1FF462717318B3DED70430 /* Embed Pods Frameworks */ = {
			isa = PBXShellScriptBuildPhase;
			buildActionMask = 2147483647;
			files = (
			);
			inputPaths = (
			);
			name = "Embed Pods Frameworks";
			outputPaths = (
			);
			runOnlyForDeploymentPostprocessing = 0;
			shellPath = /bin/sh;
			shellScript = "\"${SRCROOT}/Pods/Target Support Files/Pods-gourmet/Pods-gourmet-frameworks.sh\"\n";
			showEnvVarsInLog = 0;
		};
		6F87A9E5189D5F09405C0226 /* Copy Pods Resources */ = {
			isa = PBXShellScriptBuildPhase;
			buildActionMask = 2147483647;
			files = (
			);
			inputPaths = (
			);
			name = "Copy Pods Resources";
			outputPaths = (
			);
			runOnlyForDeploymentPostprocessing = 0;
			shellPath = /bin/sh;
			shellScript = "\"${SRCROOT}/Pods/Target Support Files/Pods-gourmet/Pods-gourmet-resources.sh\"\n";
			showEnvVarsInLog = 0;
		};
		8BE71DC6B965D696C9B04575 /* Check Pods Manifest.lock */ = {
			isa = PBXShellScriptBuildPhase;
			buildActionMask = 2147483647;
			files = (
			);
			inputPaths = (
			);
			name = "Check Pods Manifest.lock";
			outputPaths = (
			);
			runOnlyForDeploymentPostprocessing = 0;
			shellPath = /bin/sh;
			shellScript = "diff \"${PODS_ROOT}/../Podfile.lock\" \"${PODS_ROOT}/Manifest.lock\" > /dev/null\nif [[ $? != 0 ]] ; then\n    cat << EOM\nerror: The sandbox is not in sync with the Podfile.lock. Run 'pod install' or update your CocoaPods installation.\nEOM\n    exit 1\nfi\n";
			showEnvVarsInLog = 0;
		};
		BDB89B72615CDBE624FF969D /* Copy Pods Resources */ = {
			isa = PBXShellScriptBuildPhase;
			buildActionMask = 2147483647;
			files = (
			);
			inputPaths = (
			);
			name = "Copy Pods Resources";
			outputPaths = (
			);
			runOnlyForDeploymentPostprocessing = 0;
			shellPath = /bin/sh;
			shellScript = "\"${SRCROOT}/Pods/Target Support Files/Pods-gourmetTests/Pods-gourmetTests-resources.sh\"\n";
			showEnvVarsInLog = 0;
		};
		C7C25BF0ECC235A937A46B00 /* Check Pods Manifest.lock */ = {
			isa = PBXShellScriptBuildPhase;
			buildActionMask = 2147483647;
			files = (
			);
			inputPaths = (
			);
			name = "Check Pods Manifest.lock";
			outputPaths = (
			);
			runOnlyForDeploymentPostprocessing = 0;
			shellPath = /bin/sh;
			shellScript = "diff \"${PODS_ROOT}/../Podfile.lock\" \"${PODS_ROOT}/Manifest.lock\" > /dev/null\nif [[ $? != 0 ]] ; then\n    cat << EOM\nerror: The sandbox is not in sync with the Podfile.lock. Run 'pod install' or update your CocoaPods installation.\nEOM\n    exit 1\nfi\n";
			showEnvVarsInLog = 0;
		};
		C7ED6A3ED61C16FAF2F6E8EE /* Check Pods Manifest.lock */ = {
			isa = PBXShellScriptBuildPhase;
			buildActionMask = 2147483647;
			files = (
			);
			inputPaths = (
			);
			name = "Check Pods Manifest.lock";
			outputPaths = (
			);
			runOnlyForDeploymentPostprocessing = 0;
			shellPath = /bin/sh;
			shellScript = "diff \"${PODS_ROOT}/../Podfile.lock\" \"${PODS_ROOT}/Manifest.lock\" > /dev/null\nif [[ $? != 0 ]] ; then\n    cat << EOM\nerror: The sandbox is not in sync with the Podfile.lock. Run 'pod install' or update your CocoaPods installation.\nEOM\n    exit 1\nfi\n";
			showEnvVarsInLog = 0;
		};
		ECEF0F05DDBAC17AEB21D652 /* Copy Pods Resources */ = {
			isa = PBXShellScriptBuildPhase;
			buildActionMask = 2147483647;
			files = (
			);
			inputPaths = (
			);
			name = "Copy Pods Resources";
			outputPaths = (
			);
			runOnlyForDeploymentPostprocessing = 0;
			shellPath = /bin/sh;
			shellScript = "\"${SRCROOT}/Pods/Target Support Files/Pods-gourmetUITests/Pods-gourmetUITests-resources.sh\"\n";
			showEnvVarsInLog = 0;
		};
/* End PBXShellScriptBuildPhase section */

/* Begin PBXSourcesBuildPhase section */
		C15267AB1C98B22000C06752 /* Sources */ = {
			isa = PBXSourcesBuildPhase;
			buildActionMask = 2147483647;
			files = (
				C1FD270F1CAE7D86001D12D5 /* SubscriptionMapper.swift in Sources */,
				C1FD26F21CAD7E5A001D12D5 /* Restaurant.swift in Sources */,
				C1F2BAE71CA083F100F77866 /* RestaurantsRepository.swift in Sources */,
				C10363C11CA490B400591AFC /* Event.swift in Sources */,
				C1FD27001CAD7E84001D12D5 /* UserMapper.swift in Sources */,
				C10363BC1CA48F8600591AFC /* EventRepository.swift in Sources */,
				C1FD26F91CAD7E6F001D12D5 /* RestaurantTableViewCell.swift in Sources */,
				C1FD27111CAE992B001D12D5 /* JSONAble.swift in Sources */,
				C1FD270D1CAE79A2001D12D5 /* Subscription.swift in Sources */,
				C15267B31C98B22000C06752 /* AppDelegate.swift in Sources */,
				C1FD27071CAD7EA2001D12D5 /* RestaurantDetailViewController.swift in Sources */,
				C1FD26F71CAD7E6F001D12D5 /* EventTableView.swift in Sources */,
				C144F0FD1CCB8F590011A203 /* StartViewController.swift in Sources */,
				C10363BE1CA48FFD00591AFC /* User.swift in Sources */,
				C18CA0F71CAF51B500C8F77A /* UserRepository.swift in Sources */,
				C1FD26FF1CAD7E84001D12D5 /* RestaurantMapper.swift in Sources */,
				C1FD27091CAD7F6A001D12D5 /* Repository.swift in Sources */,
				C1F2BAEF1CA0B60000F77866 /* RestaurantItem.swift in Sources */,
				C1FD27051CAD7EA2001D12D5 /* EventTabViewController.swift in Sources */,
				C1FD26FE1CAD7E84001D12D5 /* EventMapper.swift in Sources */,
				C18CA0F91CAFE93F00C8F77A /* CreateRestaurantViewController.swift in Sources */,
				C1FD27061CAD7EA2001D12D5 /* FirstViewController.swift in Sources */,
				C1FD270B1CAD903C001D12D5 /* SubscriptionsRepository.swift in Sources */,
				C18CA0F51CAF47E600C8F77A /* UserManager.swift in Sources */,
				C1FD27131CAEBFBF001D12D5 /* SubscriptionTabViewController.swift in Sources */,
			);
			runOnlyForDeploymentPostprocessing = 0;
		};
		C15267C11C98B22000C06752 /* Sources */ = {
			isa = PBXSourcesBuildPhase;
			buildActionMask = 2147483647;
			files = (
				C15267CA1C98B22000C06752 /* gourmetTests.swift in Sources */,
			);
			runOnlyForDeploymentPostprocessing = 0;
		};
		C15267CC1C98B22000C06752 /* Sources */ = {
			isa = PBXSourcesBuildPhase;
			buildActionMask = 2147483647;
			files = (
				C15267D51C98B22000C06752 /* gourmetUITests.swift in Sources */,
			);
			runOnlyForDeploymentPostprocessing = 0;
		};
/* End PBXSourcesBuildPhase section */

/* Begin PBXTargetDependency section */
		C15267C71C98B22000C06752 /* PBXTargetDependency */ = {
			isa = PBXTargetDependency;
			target = C15267AE1C98B22000C06752 /* gourmet */;
			targetProxy = C15267C61C98B22000C06752 /* PBXContainerItemProxy */;
		};
		C15267D21C98B22000C06752 /* PBXTargetDependency */ = {
			isa = PBXTargetDependency;
			target = C15267AE1C98B22000C06752 /* gourmet */;
			targetProxy = C15267D11C98B22000C06752 /* PBXContainerItemProxy */;
		};
/* End PBXTargetDependency section */

/* Begin PBXVariantGroup section */
		C15267B81C98B22000C06752 /* Main.storyboard */ = {
			isa = PBXVariantGroup;
			children = (
				C15267B91C98B22000C06752 /* Base */,
			);
			name = Main.storyboard;
			sourceTree = "<group>";
		};
		C15267BD1C98B22000C06752 /* LaunchScreen.storyboard */ = {
			isa = PBXVariantGroup;
			children = (
				C15267BE1C98B22000C06752 /* Base */,
			);
			name = LaunchScreen.storyboard;
			sourceTree = "<group>";
		};
/* End PBXVariantGroup section */

/* Begin XCBuildConfiguration section */
		C15267D71C98B22000C06752 /* Debug */ = {
			isa = XCBuildConfiguration;
			buildSettings = {
				ALWAYS_SEARCH_USER_PATHS = NO;
				CLANG_CXX_LANGUAGE_STANDARD = "gnu++0x";
				CLANG_CXX_LIBRARY = "libc++";
				CLANG_ENABLE_MODULES = YES;
				CLANG_ENABLE_OBJC_ARC = YES;
				CLANG_WARN_BOOL_CONVERSION = YES;
				CLANG_WARN_CONSTANT_CONVERSION = YES;
				CLANG_WARN_DIRECT_OBJC_ISA_USAGE = YES_ERROR;
				CLANG_WARN_EMPTY_BODY = YES;
				CLANG_WARN_ENUM_CONVERSION = YES;
				CLANG_WARN_INT_CONVERSION = YES;
				CLANG_WARN_OBJC_ROOT_CLASS = YES_ERROR;
				CLANG_WARN_UNREACHABLE_CODE = YES;
				CLANG_WARN__DUPLICATE_METHOD_MATCH = YES;
				"CODE_SIGN_IDENTITY[sdk=iphoneos*]" = "iPhone Developer";
				COPY_PHASE_STRIP = NO;
				DEBUG_INFORMATION_FORMAT = dwarf;
				ENABLE_STRICT_OBJC_MSGSEND = YES;
				ENABLE_TESTABILITY = YES;
				GCC_C_LANGUAGE_STANDARD = gnu99;
				GCC_DYNAMIC_NO_PIC = NO;
				GCC_NO_COMMON_BLOCKS = YES;
				GCC_OPTIMIZATION_LEVEL = 0;
				GCC_PREPROCESSOR_DEFINITIONS = (
					"DEBUG=1",
					"$(inherited)",
				);
				GCC_WARN_64_TO_32_BIT_CONVERSION = YES;
				GCC_WARN_ABOUT_RETURN_TYPE = YES_ERROR;
				GCC_WARN_UNDECLARED_SELECTOR = YES;
				GCC_WARN_UNINITIALIZED_AUTOS = YES_AGGRESSIVE;
				GCC_WARN_UNUSED_FUNCTION = YES;
				GCC_WARN_UNUSED_VARIABLE = YES;
				IPHONEOS_DEPLOYMENT_TARGET = 9.2;
				MTL_ENABLE_DEBUG_INFO = YES;
				ONLY_ACTIVE_ARCH = YES;
				SDKROOT = iphoneos;
				SWIFT_OPTIMIZATION_LEVEL = "-Onone";
			};
			name = Debug;
		};
		C15267D81C98B22000C06752 /* Release */ = {
			isa = XCBuildConfiguration;
			buildSettings = {
				ALWAYS_SEARCH_USER_PATHS = NO;
				CLANG_CXX_LANGUAGE_STANDARD = "gnu++0x";
				CLANG_CXX_LIBRARY = "libc++";
				CLANG_ENABLE_MODULES = YES;
				CLANG_ENABLE_OBJC_ARC = YES;
				CLANG_WARN_BOOL_CONVERSION = YES;
				CLANG_WARN_CONSTANT_CONVERSION = YES;
				CLANG_WARN_DIRECT_OBJC_ISA_USAGE = YES_ERROR;
				CLANG_WARN_EMPTY_BODY = YES;
				CLANG_WARN_ENUM_CONVERSION = YES;
				CLANG_WARN_INT_CONVERSION = YES;
				CLANG_WARN_OBJC_ROOT_CLASS = YES_ERROR;
				CLANG_WARN_UNREACHABLE_CODE = YES;
				CLANG_WARN__DUPLICATE_METHOD_MATCH = YES;
				"CODE_SIGN_IDENTITY[sdk=iphoneos*]" = "iPhone Developer";
				COPY_PHASE_STRIP = NO;
				DEBUG_INFORMATION_FORMAT = "dwarf-with-dsym";
				ENABLE_NS_ASSERTIONS = NO;
				ENABLE_STRICT_OBJC_MSGSEND = YES;
				GCC_C_LANGUAGE_STANDARD = gnu99;
				GCC_NO_COMMON_BLOCKS = YES;
				GCC_WARN_64_TO_32_BIT_CONVERSION = YES;
				GCC_WARN_ABOUT_RETURN_TYPE = YES_ERROR;
				GCC_WARN_UNDECLARED_SELECTOR = YES;
				GCC_WARN_UNINITIALIZED_AUTOS = YES_AGGRESSIVE;
				GCC_WARN_UNUSED_FUNCTION = YES;
				GCC_WARN_UNUSED_VARIABLE = YES;
				IPHONEOS_DEPLOYMENT_TARGET = 9.2;
				MTL_ENABLE_DEBUG_INFO = NO;
				SDKROOT = iphoneos;
				VALIDATE_PRODUCT = YES;
			};
			name = Release;
		};
		C15267DA1C98B22000C06752 /* Debug */ = {
			isa = XCBuildConfiguration;
			baseConfigurationReference = C5614B5BAB9F0B57A0913128 /* Pods-gourmet.debug.xcconfig */;
			buildSettings = {
				ASSETCATALOG_COMPILER_APPICON_NAME = AppIcon;
				INFOPLIST_FILE = gourmet/Info.plist;
				LD_RUNPATH_SEARCH_PATHS = "$(inherited) @executable_path/Frameworks";
				PRODUCT_BUNDLE_IDENTIFIER = com.alexmiragall.gourmet;
				PRODUCT_NAME = "$(TARGET_NAME)";
				SWIFT_OBJC_BRIDGING_HEADER = "gourmet-Bridging-Header.h";
			};
			name = Debug;
		};
		C15267DB1C98B22000C06752 /* Release */ = {
			isa = XCBuildConfiguration;
			baseConfigurationReference = 448240C44E0933933336A664 /* Pods-gourmet.release.xcconfig */;
			buildSettings = {
				ASSETCATALOG_COMPILER_APPICON_NAME = AppIcon;
				INFOPLIST_FILE = gourmet/Info.plist;
				LD_RUNPATH_SEARCH_PATHS = "$(inherited) @executable_path/Frameworks";
				PRODUCT_BUNDLE_IDENTIFIER = com.alexmiragall.gourmet;
				PRODUCT_NAME = "$(TARGET_NAME)";
				SWIFT_OBJC_BRIDGING_HEADER = "gourmet-Bridging-Header.h";
			};
			name = Release;
		};
		C15267DD1C98B22000C06752 /* Debug */ = {
			isa = XCBuildConfiguration;
			baseConfigurationReference = AC3CAC176FBF69E06B3F3D69 /* Pods-gourmetTests.debug.xcconfig */;
			buildSettings = {
				BUNDLE_LOADER = "$(TEST_HOST)";
				INFOPLIST_FILE = gourmetTests/Info.plist;
				LD_RUNPATH_SEARCH_PATHS = "$(inherited) @executable_path/Frameworks @loader_path/Frameworks";
				PRODUCT_BUNDLE_IDENTIFIER = com.alexmiragall.gourmetTests;
				PRODUCT_NAME = "$(TARGET_NAME)";
				TEST_HOST = "$(BUILT_PRODUCTS_DIR)/gourmet.app/gourmet";
			};
			name = Debug;
		};
		C15267DE1C98B22000C06752 /* Release */ = {
			isa = XCBuildConfiguration;
			baseConfigurationReference = C8FF02C36FDFEF027978998C /* Pods-gourmetTests.release.xcconfig */;
			buildSettings = {
				BUNDLE_LOADER = "$(TEST_HOST)";
				INFOPLIST_FILE = gourmetTests/Info.plist;
				LD_RUNPATH_SEARCH_PATHS = "$(inherited) @executable_path/Frameworks @loader_path/Frameworks";
				PRODUCT_BUNDLE_IDENTIFIER = com.alexmiragall.gourmetTests;
				PRODUCT_NAME = "$(TARGET_NAME)";
				TEST_HOST = "$(BUILT_PRODUCTS_DIR)/gourmet.app/gourmet";
			};
			name = Release;
		};
		C15267E01C98B22000C06752 /* Debug */ = {
			isa = XCBuildConfiguration;
			baseConfigurationReference = 170037A9B1AB5BECC2B77741 /* Pods-gourmetUITests.debug.xcconfig */;
			buildSettings = {
				INFOPLIST_FILE = gourmetUITests/Info.plist;
				LD_RUNPATH_SEARCH_PATHS = "$(inherited) @executable_path/Frameworks @loader_path/Frameworks";
				PRODUCT_BUNDLE_IDENTIFIER = com.alexmiragall.gourmetUITests;
				PRODUCT_NAME = "$(TARGET_NAME)";
				TEST_TARGET_NAME = gourmet;
				USES_XCTRUNNER = YES;
			};
			name = Debug;
		};
		C15267E11C98B22000C06752 /* Release */ = {
			isa = XCBuildConfiguration;
			baseConfigurationReference = 6CD41B13EF1A516478BC0304 /* Pods-gourmetUITests.release.xcconfig */;
			buildSettings = {
				INFOPLIST_FILE = gourmetUITests/Info.plist;
				LD_RUNPATH_SEARCH_PATHS = "$(inherited) @executable_path/Frameworks @loader_path/Frameworks";
				PRODUCT_BUNDLE_IDENTIFIER = com.alexmiragall.gourmetUITests;
				PRODUCT_NAME = "$(TARGET_NAME)";
				TEST_TARGET_NAME = gourmet;
				USES_XCTRUNNER = YES;
			};
			name = Release;
		};
/* End XCBuildConfiguration section */

/* Begin XCConfigurationList section */
		C15267AA1C98B22000C06752 /* Build configuration list for PBXProject "gourmet" */ = {
			isa = XCConfigurationList;
			buildConfigurations = (
				C15267D71C98B22000C06752 /* Debug */,
				C15267D81C98B22000C06752 /* Release */,
			);
			defaultConfigurationIsVisible = 0;
			defaultConfigurationName = Release;
		};
		C15267D91C98B22000C06752 /* Build configuration list for PBXNativeTarget "gourmet" */ = {
			isa = XCConfigurationList;
			buildConfigurations = (
				C15267DA1C98B22000C06752 /* Debug */,
				C15267DB1C98B22000C06752 /* Release */,
			);
			defaultConfigurationIsVisible = 0;
			defaultConfigurationName = Release;
		};
		C15267DC1C98B22000C06752 /* Build configuration list for PBXNativeTarget "gourmetTests" */ = {
			isa = XCConfigurationList;
			buildConfigurations = (
				C15267DD1C98B22000C06752 /* Debug */,
				C15267DE1C98B22000C06752 /* Release */,
			);
			defaultConfigurationIsVisible = 0;
			defaultConfigurationName = Release;
		};
		C15267DF1C98B22000C06752 /* Build configuration list for PBXNativeTarget "gourmetUITests" */ = {
			isa = XCConfigurationList;
			buildConfigurations = (
				C15267E01C98B22000C06752 /* Debug */,
				C15267E11C98B22000C06752 /* Release */,
			);
			defaultConfigurationIsVisible = 0;
			defaultConfigurationName = Release;
		};
/* End XCConfigurationList section */
	};
	rootObject = C15267A71C98B22000C06752 /* Project object */;
}
